// !$*UTF8*$!
{
	archiveVersion = 1;
	classes = {
	};
	objectVersion = 56;
	objects = {

/* Begin PBXBuildFile section */
		FACAB6C6298388E500E10425 /* AppDelegate.swift in Sources */ = {isa = PBXBuildFile; fileRef = FACAB6C5298388E500E10425 /* AppDelegate.swift */; };
		FACAB6C8298388E500E10425 /* SceneDelegate.swift in Sources */ = {isa = PBXBuildFile; fileRef = FACAB6C7298388E500E10425 /* SceneDelegate.swift */; };
		FACAB6CA298388E500E10425 /* ViewController.swift in Sources */ = {isa = PBXBuildFile; fileRef = FACAB6C9298388E500E10425 /* ViewController.swift */; };
		FACAB6CD298388E500E10425 /* Main.storyboard in Resources */ = {isa = PBXBuildFile; fileRef = FACAB6CB298388E500E10425 /* Main.storyboard */; };
		FACAB6CF298388E900E10425 /* Assets.xcassets in Resources */ = {isa = PBXBuildFile; fileRef = FACAB6CE298388E900E10425 /* Assets.xcassets */; };
		FACAB6D2298388E900E10425 /* LaunchScreen.storyboard in Resources */ = {isa = PBXBuildFile; fileRef = FACAB6D0298388E900E10425 /* LaunchScreen.storyboard */; };
		FACAB6DA29838A2100E10425 /* CircleButton.swift in Sources */ = {isa = PBXBuildFile; fileRef = FACAB6D929838A2000E10425 /* CircleButton.swift */; };
		FACAB6DC2983A90600E10425 /* AsciiVC.swift in Sources */ = {isa = PBXBuildFile; fileRef = FACAB6DB2983A90600E10425 /* AsciiVC.swift */; };
		FACAB6DF2983AE5300E10425 /* SwiftImage in Frameworks */ = {isa = PBXBuildFile; productRef = FACAB6DE2983AE5300E10425 /* SwiftImage */; };
/* End PBXBuildFile section */

/* Begin PBXFileReference section */
		FACAB6C2298388E500E10425 /* ascii.app */ = {isa = PBXFileReference; explicitFileType = wrapper.application; includeInIndex = 0; path = ascii.app; sourceTree = BUILT_PRODUCTS_DIR; };
		FACAB6C5298388E500E10425 /* AppDelegate.swift */ = {isa = PBXFileReference; lastKnownFileType = sourcecode.swift; path = AppDelegate.swift; sourceTree = "<group>"; };
		FACAB6C7298388E500E10425 /* SceneDelegate.swift */ = {isa = PBXFileReference; lastKnownFileType = sourcecode.swift; path = SceneDelegate.swift; sourceTree = "<group>"; };
		FACAB6C9298388E500E10425 /* ViewController.swift */ = {isa = PBXFileReference; lastKnownFileType = sourcecode.swift; path = ViewController.swift; sourceTree = "<group>"; };
		FACAB6CC298388E500E10425 /* Base */ = {isa = PBXFileReference; lastKnownFileType = file.storyboard; name = Base; path = Base.lproj/Main.storyboard; sourceTree = "<group>"; };
		FACAB6CE298388E900E10425 /* Assets.xcassets */ = {isa = PBXFileReference; lastKnownFileType = folder.assetcatalog; path = Assets.xcassets; sourceTree = "<group>"; };
		FACAB6D1298388E900E10425 /* Base */ = {isa = PBXFileReference; lastKnownFileType = file.storyboard; name = Base; path = Base.lproj/LaunchScreen.storyboard; sourceTree = "<group>"; };
		FACAB6D3298388E900E10425 /* Info.plist */ = {isa = PBXFileReference; lastKnownFileType = text.plist.xml; path = Info.plist; sourceTree = "<group>"; };
		FACAB6D929838A2000E10425 /* CircleButton.swift */ = {isa = PBXFileReference; lastKnownFileType = sourcecode.swift; path = CircleButton.swift; sourceTree = "<group>"; };
		FACAB6DB2983A90600E10425 /* AsciiVC.swift */ = {isa = PBXFileReference; lastKnownFileType = sourcecode.swift; path = AsciiVC.swift; sourceTree = "<group>"; };
/* End PBXFileReference section */

/* Begin PBXFrameworksBuildPhase section */
		FACAB6BF298388E500E10425 /* Frameworks */ = {
			isa = PBXFrameworksBuildPhase;
			buildActionMask = 2147483647;
			files = (
				FACAB6DF2983AE5300E10425 /* SwiftImage in Frameworks */,
			);
			runOnlyForDeploymentPostprocessing = 0;
		};
/* End PBXFrameworksBuildPhase section */

/* Begin PBXGroup section */
		FACAB6B9298388E500E10425 = {
			isa = PBXGroup;
			children = (
				FACAB6C4298388E500E10425 /* ascii */,
				FACAB6C3298388E500E10425 /* Products */,
			);
			sourceTree = "<group>";
		};
		FACAB6C3298388E500E10425 /* Products */ = {
			isa = PBXGroup;
			children = (
				FACAB6C2298388E500E10425 /* ascii.app */,
			);
			name = Products;
			sourceTree = "<group>";
		};
		FACAB6C4298388E500E10425 /* ascii */ = {
			isa = PBXGroup;
			children = (
				FACAB6C5298388E500E10425 /* AppDelegate.swift */,
				FACAB6C7298388E500E10425 /* SceneDelegate.swift */,
				FACAB6C9298388E500E10425 /* ViewController.swift */,
				FACAB6CB298388E500E10425 /* Main.storyboard */,
				FACAB6CE298388E900E10425 /* Assets.xcassets */,
				FACAB6D0298388E900E10425 /* LaunchScreen.storyboard */,
				FACAB6D3298388E900E10425 /* Info.plist */,
				FACAB6D929838A2000E10425 /* CircleButton.swift */,
				FACAB6DB2983A90600E10425 /* AsciiVC.swift */,
			);
			path = ascii;
			sourceTree = "<group>";
		};
/* End PBXGroup section */

/* Begin PBXNativeTarget section */
		FACAB6C1298388E500E10425 /* ascii */ = {
			isa = PBXNativeTarget;
			buildConfigurationList = FACAB6D6298388E900E10425 /* Build configuration list for PBXNativeTarget "ascii" */;
			buildPhases = (
				FACAB6BE298388E500E10425 /* Sources */,
				FACAB6BF298388E500E10425 /* Frameworks */,
				FACAB6C0298388E500E10425 /* Resources */,
			);
			buildRules = (
			);
			dependencies = (
			);
			name = ascii;
			packageProductDependencies = (
				FACAB6DE2983AE5300E10425 /* SwiftImage */,
			);
			productName = ascii;
			productReference = FACAB6C2298388E500E10425 /* ascii.app */;
			productType = "com.apple.product-type.application";
		};
/* End PBXNativeTarget section */

/* Begin PBXProject section */
		FACAB6BA298388E500E10425 /* Project object */ = {
			isa = PBXProject;
			attributes = {
				BuildIndependentTargetsInParallel = 1;
				LastSwiftUpdateCheck = 1420;
				LastUpgradeCheck = 1420;
				TargetAttributes = {
					FACAB6C1298388E500E10425 = {
						CreatedOnToolsVersion = 14.2;
					};
				};
			};
			buildConfigurationList = FACAB6BD298388E500E10425 /* Build configuration list for PBXProject "ascii" */;
			compatibilityVersion = "Xcode 14.0";
			developmentRegion = en;
			hasScannedForEncodings = 0;
			knownRegions = (
				en,
				Base,
			);
			mainGroup = FACAB6B9298388E500E10425;
			packageReferences = (
				FACAB6DD2983AE5300E10425 /* XCRemoteSwiftPackageReference "swift-image" */,
			);
			productRefGroup = FACAB6C3298388E500E10425 /* Products */;
			projectDirPath = "";
			projectRoot = "";
			targets = (
				FACAB6C1298388E500E10425 /* ascii */,
			);
		};
/* End PBXProject section */

/* Begin PBXResourcesBuildPhase section */
		FACAB6C0298388E500E10425 /* Resources */ = {
			isa = PBXResourcesBuildPhase;
			buildActionMask = 2147483647;
			files = (
				FACAB6D2298388E900E10425 /* LaunchScreen.storyboard in Resources */,
				FACAB6CF298388E900E10425 /* Assets.xcassets in Resources */,
				FACAB6CD298388E500E10425 /* Main.storyboard in Resources */,
			);
			runOnlyForDeploymentPostprocessing = 0;
		};
/* End PBXResourcesBuildPhase section */

/* Begin PBXSourcesBuildPhase section */
		FACAB6BE298388E500E10425 /* Sources */ = {
			isa = PBXSourcesBuildPhase;
			buildActionMask = 2147483647;
			files = (
				FACAB6CA298388E500E10425 /* ViewController.swift in Sources */,
				FACAB6C6298388E500E10425 /* AppDelegate.swift in Sources */,
				FACAB6DC2983A90600E10425 /* AsciiVC.swift in Sources */,
				FACAB6C8298388E500E10425 /* SceneDelegate.swift in Sources */,
				FACAB6DA29838A2100E10425 /* CircleButton.swift in Sources */,
			);
			runOnlyForDeploymentPostprocessing = 0;
		};
/* End PBXSourcesBuildPhase section */

/* Begin PBXVariantGroup section */
		FACAB6CB298388E500E10425 /* Main.storyboard */ = {
			isa = PBXVariantGroup;
			children = (
				FACAB6CC298388E500E10425 /* Base */,
			);
			name = Main.storyboard;
			sourceTree = "<group>";
		};
		FACAB6D0298388E900E10425 /* LaunchScreen.storyboard */ = {
			isa = PBXVariantGroup;
			children = (
				FACAB6D1298388E900E10425 /* Base */,
			);
			name = LaunchScreen.storyboard;
			sourceTree = "<group>";
		};
/* End PBXVariantGroup section */

/* Begin XCBuildConfiguration section */
		FACAB6D4298388E900E10425 /* Debug */ = {
			isa = XCBuildConfiguration;
			buildSettings = {
				ALWAYS_SEARCH_USER_PATHS = NO;
				CLANG_ANALYZER_NONNULL = YES;
				CLANG_ANALYZER_NUMBER_OBJECT_CONVERSION = YES_AGGRESSIVE;
				CLANG_CXX_LANGUAGE_STANDARD = "gnu++20";
				CLANG_ENABLE_MODULES = YES;
				CLANG_ENABLE_OBJC_ARC = YES;
				CLANG_ENABLE_OBJC_WEAK = YES;
				CLANG_WARN_BLOCK_CAPTURE_AUTORELEASING = YES;
				CLANG_WARN_BOOL_CONVERSION = YES;
				CLANG_WARN_COMMA = YES;
				CLANG_WARN_CONSTANT_CONVERSION = YES;
				CLANG_WARN_DEPRECATED_OBJC_IMPLEMENTATIONS = YES;
				CLANG_WARN_DIRECT_OBJC_ISA_USAGE = YES_ERROR;
				CLANG_WARN_DOCUMENTATION_COMMENTS = YES;
				CLANG_WARN_EMPTY_BODY = YES;
				CLANG_WARN_ENUM_CONVERSION = YES;
				CLANG_WARN_INFINITE_RECURSION = YES;
				CLANG_WARN_INT_CONVERSION = YES;
				CLANG_WARN_NON_LITERAL_NULL_CONVERSION = YES;
				CLANG_WARN_OBJC_IMPLICIT_RETAIN_SELF = YES;
				CLANG_WARN_OBJC_LITERAL_CONVERSION = YES;
				CLANG_WARN_OBJC_ROOT_CLASS = YES_ERROR;
				CLANG_WARN_QUOTED_INCLUDE_IN_FRAMEWORK_HEADER = YES;
				CLANG_WARN_RANGE_LOOP_ANALYSIS = YES;
				CLANG_WARN_STRICT_PROTOTYPES = YES;
				CLANG_WARN_SUSPICIOUS_MOVE = YES;
				CLANG_WARN_UNGUARDED_AVAILABILITY = YES_AGGRESSIVE;
				CLANG_WARN_UNREACHABLE_CODE = YES;
				CLANG_WARN__DUPLICATE_METHOD_MATCH = YES;
				COPY_PHASE_STRIP = NO;
				DEBUG_INFORMATION_FORMAT = dwarf;
				ENABLE_STRICT_OBJC_MSGSEND = YES;
				ENABLE_TESTABILITY = YES;
				GCC_C_LANGUAGE_STANDARD = gnu11;
				GCC_DYNAMIC_NO_PIC = NO;
				GCC_NO_COMMON_BLOCKS = YES;
				GCC_OPTIMIZATION_LEVEL = 0;
				GCC_PREPROCESSOR_DEFINITIONS = (
					"DEBUG=1",
					"$(inherited)",
				);
				GCC_WARN_64_TO_32_BIT_CONVERSION = YES;
				GCC_WARN_ABOUT_RETURN_TYPE = YES_ERROR;
				GCC_WARN_UNDECLARED_SELECTOR = YES;
				GCC_WARN_UNINITIALIZED_AUTOS = YES_AGGRESSIVE;
				GCC_WARN_UNUSED_FUNCTION = YES;
				GCC_WARN_UNUSED_VARIABLE = YES;
				IPHONEOS_DEPLOYMENT_TARGET = 16.2;
				MTL_ENABLE_DEBUG_INFO = INCLUDE_SOURCE;
				MTL_FAST_MATH = YES;
				ONLY_ACTIVE_ARCH = YES;
				SDKROOT = iphoneos;
				SWIFT_ACTIVE_COMPILATION_CONDITIONS = DEBUG;
				SWIFT_OPTIMIZATION_LEVEL = "-Onone";
			};
			name = Debug;
		};
		FACAB6D5298388E900E10425 /* Release */ = {
			isa = XCBuildConfiguration;
			buildSettings = {
				ALWAYS_SEARCH_USER_PATHS = NO;
				CLANG_ANALYZER_NONNULL = YES;
				CLANG_ANALYZER_NUMBER_OBJECT_CONVERSION = YES_AGGRESSIVE;
				CLANG_CXX_LANGUAGE_STANDARD = "gnu++20";
				CLANG_ENABLE_MODULES = YES;
				CLANG_ENABLE_OBJC_ARC = YES;
				CLANG_ENABLE_OBJC_WEAK = YES;
				CLANG_WARN_BLOCK_CAPTURE_AUTORELEASING = YES;
				CLANG_WARN_BOOL_CONVERSION = YES;
				CLANG_WARN_COMMA = YES;
				CLANG_WARN_CONSTANT_CONVERSION = YES;
				CLANG_WARN_DEPRECATED_OBJC_IMPLEMENTATIONS = YES;
				CLANG_WARN_DIRECT_OBJC_ISA_USAGE = YES_ERROR;
				CLANG_WARN_DOCUMENTATION_COMMENTS = YES;
				CLANG_WARN_EMPTY_BODY = YES;
				CLANG_WARN_ENUM_CONVERSION = YES;
				CLANG_WARN_INFINITE_RECURSION = YES;
				CLANG_WARN_INT_CONVERSION = YES;
				CLANG_WARN_NON_LITERAL_NULL_CONVERSION = YES;
				CLANG_WARN_OBJC_IMPLICIT_RETAIN_SELF = YES;
				CLANG_WARN_OBJC_LITERAL_CONVERSION = YES;
				CLANG_WARN_OBJC_ROOT_CLASS = YES_ERROR;
				CLANG_WARN_QUOTED_INCLUDE_IN_FRAMEWORK_HEADER = YES;
				CLANG_WARN_RANGE_LOOP_ANALYSIS = YES;
				CLANG_WARN_STRICT_PROTOTYPES = YES;
				CLANG_WARN_SUSPICIOUS_MOVE = YES;
				CLANG_WARN_UNGUARDED_AVAILABILITY = YES_AGGRESSIVE;
				CLANG_WARN_UNREACHABLE_CODE = YES;
				CLANG_WARN__DUPLICATE_METHOD_MATCH = YES;
				COPY_PHASE_STRIP = NO;
				DEBUG_INFORMATION_FORMAT = "dwarf-with-dsym";
				ENABLE_NS_ASSERTIONS = NO;
				ENABLE_STRICT_OBJC_MSGSEND = YES;
				GCC_C_LANGUAGE_STANDARD = gnu11;
				GCC_NO_COMMON_BLOCKS = YES;
				GCC_WARN_64_TO_32_BIT_CONVERSION = YES;
				GCC_WARN_ABOUT_RETURN_TYPE = YES_ERROR;
				GCC_WARN_UNDECLARED_SELECTOR = YES;
				GCC_WARN_UNINITIALIZED_AUTOS = YES_AGGRESSIVE;
				GCC_WARN_UNUSED_FUNCTION = YES;
				GCC_WARN_UNUSED_VARIABLE = YES;
				IPHONEOS_DEPLOYMENT_TARGET = 16.2;
				MTL_ENABLE_DEBUG_INFO = NO;
				MTL_FAST_MATH = YES;
				SDKROOT = iphoneos;
				SWIFT_COMPILATION_MODE = wholemodule;
				SWIFT_OPTIMIZATION_LEVEL = "-O";
				VALIDATE_PRODUCT = YES;
			};
			name = Release;
		};
		FACAB6D7298388E900E10425 /* Debug */ = {
			isa = XCBuildConfiguration;
			buildSettings = {
				ASSETCATALOG_COMPILER_APPICON_NAME = AppIcon;
				ASSETCATALOG_COMPILER_GLOBAL_ACCENT_COLOR_NAME = AccentColor;
				CODE_SIGN_STYLE = Automatic;
				CURRENT_PROJECT_VERSION = 1;
				DEVELOPMENT_TEAM = TX4WW8TVSW;
				GENERATE_INFOPLIST_FILE = YES;
				INFOPLIST_FILE = ascii/Info.plist;
				INFOPLIST_KEY_CFBundleDisplayName = Asciify;
				INFOPLIST_KEY_NSCameraUsageDescription = "This is required to take a photo";
				INFOPLIST_KEY_UIApplicationSupportsIndirectInputEvents = YES;
				INFOPLIST_KEY_UILaunchStoryboardName = LaunchScreen;
				INFOPLIST_KEY_UIMainStoryboardFile = Main;
				INFOPLIST_KEY_UISupportedInterfaceOrientations = UIInterfaceOrientationPortrait;
				INFOPLIST_KEY_UISupportedInterfaceOrientations_iPad = "UIInterfaceOrientationLandscapeLeft UIInterfaceOrientationLandscapeRight UIInterfaceOrientationPortrait UIInterfaceOrientationPortraitUpsideDown";
				IPHONEOS_DEPLOYMENT_TARGET = 13.0;
				LD_RUNPATH_SEARCH_PATHS = (
					"$(inherited)",
					"@executable_path/Frameworks",
				);
				MARKETING_VERSION = 1.0;
				PRODUCT_BUNDLE_IDENTIFIER = org.alexwayne.asciify;
				PRODUCT_NAME = "$(TARGET_NAME)";
				SUPPORTED_PLATFORMS = "iphoneos iphonesimulator";
				SUPPORTS_MACCATALYST = NO;
				SUPPORTS_MAC_DESIGNED_FOR_IPHONE_IPAD = NO;
				SWIFT_EMIT_LOC_STRINGS = YES;
				SWIFT_VERSION = 5.0;
				TARGETED_DEVICE_FAMILY = 1;
			};
			name = Debug;
		};
		FACAB6D8298388E900E10425 /* Release */ = {
			isa = XCBuildConfiguration;
			buildSettings = {
				ASSETCATALOG_COMPILER_APPICON_NAME = AppIcon;
				ASSETCATALOG_COMPILER_GLOBAL_ACCENT_COLOR_NAME = AccentColor;
				CODE_SIGN_STYLE = Automatic;
				CURRENT_PROJECT_VERSION = 1;
				DEVELOPMENT_TEAM = TX4WW8TVSW;
				GENERATE_INFOPLIST_FILE = YES;
				INFOPLIST_FILE = ascii/Info.plist;
				INFOPLIST_KEY_CFBundleDisplayName = Asciify;
				INFOPLIST_KEY_NSCameraUsageDescription = "This is required to take a photo";
				INFOPLIST_KEY_UIApplicationSupportsIndirectInputEvents = YES;
				INFOPLIST_KEY_UILaunchStoryboardName = LaunchScreen;
				INFOPLIST_KEY_UIMainStoryboardFile = Main;
				INFOPLIST_KEY_UISupportedInterfaceOrientations = UIInterfaceOrientationPortrait;
				INFOPLIST_KEY_UISupportedInterfaceOrientations_iPad = "UIInterfaceOrientationLandscapeLeft UIInterfaceOrientationLandscapeRight UIInterfaceOrientationPortrait UIInterfaceOrientationPortraitUpsideDown";
				IPHONEOS_DEPLOYMENT_TARGET = 13.0;
				LD_RUNPATH_SEARCH_PATHS = (
					"$(inherited)",
					"@executable_path/Frameworks",
				);
				MARKETING_VERSION = 1.0;
				PRODUCT_BUNDLE_IDENTIFIER = org.alexwayne.asciify;
				PRODUCT_NAME = "$(TARGET_NAME)";
				SUPPORTED_PLATFORMS = "iphoneos iphonesimulator";
				SUPPORTS_MACCATALYST = NO;
				SUPPORTS_MAC_DESIGNED_FOR_IPHONE_IPAD = NO;
				SWIFT_EMIT_LOC_STRINGS = YES;
				SWIFT_VERSION = 5.0;
				TARGETED_DEVICE_FAMILY = 1;
			};
			name = Release;
		};
/* End XCBuildConfiguration section */

/* Begin XCConfigurationList section */
		FACAB6BD298388E500E10425 /* Build configuration list for PBXProject "ascii" */ = {
			isa = XCConfigurationList;
			buildConfigurations = (
				FACAB6D4298388E900E10425 /* Debug */,
				FACAB6D5298388E900E10425 /* Release */,
			);
			defaultConfigurationIsVisible = 0;
			defaultConfigurationName = Release;
		};
		FACAB6D6298388E900E10425 /* Build configuration list for PBXNativeTarget "ascii" */ = {
			isa = XCConfigurationList;
			buildConfigurations = (
				FACAB6D7298388E900E10425 /* Debug */,
				FACAB6D8298388E900E10425 /* Release */,
			);
			defaultConfigurationIsVisible = 0;
			defaultConfigurationName = Release;
		};
/* End XCConfigurationList section */

/* Begin XCRemoteSwiftPackageReference section */
		FACAB6DD2983AE5300E10425 /* XCRemoteSwiftPackageReference "swift-image" */ = {
			isa = XCRemoteSwiftPackageReference;
			repositoryURL = "https://github.com/koher/swift-image.git";
			requirement = {
				kind = upToNextMajorVersion;
				minimumVersion = 0.7.1;
			};
		};
/* End XCRemoteSwiftPackageReference section */

/* Begin XCSwiftPackageProductDependency section */
		FACAB6DE2983AE5300E10425 /* SwiftImage */ = {
			isa = XCSwiftPackageProductDependency;
			package = FACAB6DD2983AE5300E10425 /* XCRemoteSwiftPackageReference "swift-image" */;
			productName = SwiftImage;
		};
/* End XCSwiftPackageProductDependency section */
	};
	rootObject = FACAB6BA298388E500E10425 /* Project object */;
}
